--- 
specs: 
- net-ssh: 
    version: 2.0.20
- net-ssh-gateway: 
    version: 1.0.1
- json: 
    version: 1.2.0
- contacts: 
    version: 1.0.18
- json_pure: 
    version: 1.2.0
- searchlogic: 
    version: 2.3.2
- SystemTimer: 
    version: 1.1.3
- after_commit: 
    version: 1.0.5
- net-scp: 
    version: 1.0.2
- rake: 
    version: 0.8.7
- lockfile: 
    version: 1.4.3
- newrelic_rpm: 
    version: 2.9.8
- rio: 
    version: 0.4.2
- gdata: 
    version: 1.1.1
- bullet: 
    version: 1.7.5
- taf2-curb: 
    version: 0.5.4.0
- right_http_connection: 
    version: 1.2.4
- net-sftp: 
    version: 2.0.4
- tzinfo: 
    version: 0.3.15
- columnize: 
    version: 0.3.1
- linecache: 
    version: "0.43"
- hpricot: 
    version: 0.8.2
- deadweight: 
    version: 0.1.3
- shared-mime-info: 
    version: "0.1"
- ruby-growl: 
    version: 1.0.1
- eventmachine: 
    version: 0.12.10
- mysqlplus: 
    version: 0.1.1
- mash: 
    version: 0.1.1
- hirb: 
    version: 0.2.9
- jnunemaker-columbus: 
    version: 0.1.2
- term-ansicolor: 
    version: 1.0.4
- rubyforge: 
    version: 2.0.3
- hoe: 
    version: 2.4.0
- image_science: 
    version: 1.2.1
- facebooker: 
    version: 1.0.62
- oyster: 
    version: 0.9.3
- packr: 
    version: 3.1.0
- polyglot: 
    version: 0.2.9
- treetop: 
    version: 1.4.2
- nokogiri: 
    version: 1.4.1
- mdalessio-dryopteris: 
    version: 0.1.2
- mime-types: 
    version: "1.16"
- shuber-encryptor: 
    version: 1.0.1
- pauldix-sax-machine: 
    version: 0.0.14
- shuber-eigenclass: 
    version: 1.0.1
- tmm1-amqp: 
    version: 0.6.4
- bundler: 
    version: 0.9.5
- builder: 
    version: 2.1.2
- diff-lcs: 
    version: 1.1.2
- right_aws: 
    version: 1.10.0
- xml-simple: 
    version: 1.0.12
- aws-s3: 
    version: 0.6.2
- ezcrypto: 
    version: 0.7.2
- moomerman-twitter_oauth: 
    version: 0.2.1
- haml: 
    version: 2.2.15
- shuber-attr_encrypted: 
    version: 1.0.8
- active_presenter: 
    version: 1.2.0
- crack: 
    version: 0.1.4
- rmagick: 
    version: 2.12.2
- chronic: 
    version: 0.2.3
- javan-whenever: 
    version: 0.3.7
- ZenTest: 
    version: 4.2.1
- RubyInline: 
    version: 3.8.3
- rvideo: 
    version: 0.9.3
- memcache-client: 
    version: 1.7.7
- rack: 
    version: 1.1.0
- webrat: 
    version: 0.6.0
- ruby-hmac: 
    version: 0.3.2
- thinking-sphinx: 
    version: 1.3.11
- capistrano-ext: 
    version: 1.2.1
- actionmailer: 
    version: 2.3.2
- highline: 
    version: 1.5.2
- capistrano: 
    version: 2.5.10
- ruby-debug-base: 
    version: 0.10.3
- ruby-debug: 
    version: 0.10.3
- activesupport: 
    version: 2.3.2
- activerecord: 
    version: 2.3.2
- markevans-block_helpers: 
    version: 0.2.11
- pauldix-feedzirra: 
    version: 0.0.18
- actionpack: 
    version: 2.3.2
- oauth: 
    version: 0.3.6
- activeresource: 
    version: 2.3.2
- rails: 
    version: 2.3.2
- cucumber: 
    version: 0.4.3
- rspec: 
    version: 1.3.0
- rspec-rails: 
    version: 1.3.2
- riddle: 
    version: 1.0.9
- hashie: 
    version: 0.1.5
- httparty: 
    version: 0.4.5
- twitter: 
    version: 0.7.9
hash: 562e423f3b60ecd4b98e50c06a338fb83f89edcf
sources: 
- Rubygems: 
    uri: http://gemcutter.org
- Rubygems: 
    uri: http://gems.github.com
dependencies: 
  taf2-curb: 
    version: = 0.5.4.0
    group: 
    - :default
  SystemTimer: 
    version: = 1.1.3
    group: 
    - :default
  moomerman-twitter_oauth: 
    version: = 0.2.1
    group: 
    - :default
  memcache-client: 
    version: = 1.7.7
    group: 
    - :default
  ezcrypto: 
    version: = 0.7.2
    group: 
    - :default
  ruby-debug: 
    version: = 0.10.3
    group: 
    - :test
  twitter: 
    version: = 0.7.9
    group: 
    - :default
  facebooker: 
    version: ">= 0"
    group: 
    - :default
  oauth: 
    version: = 0.3.6
    group: 
    - :default
  nokogiri: 
    version: = 1.4.1
    group: 
    - :default
  httparty: 
    version: = 0.4.5
    group: 
    - :default
  rails: 
    version: = 2.3.2
    group: 
    - :default
  tzinfo: 
    version: = 0.3.15
    group: 
    - :default
  shuber-attr_encrypted: 
    version: ">= 0"
    group: 
    - :default
  rio: 
    version: = 0.4.2
    group: 
    - :default
  mash: 
    version: = 0.1.1
    group: 
    - :default
  haml: 
    version: = 2.2.15
    group: 
    - :default
  rspec: 
    version: = 1.3.0
    group: 
    - :test
  bullet: 
    version: ">= 0"
    group: 
    - :development
  newrelic_rpm: 
    version: = 2.9.8
    group: 
    - :production
  javan-whenever: 
    version: = 0.3.7
    group: 
    - :default
  hashie: 
    version: = 0.1.5
    group: 
    - :default
  searchlogic: 
    version: = 2.3.2
    group: 
    - :default
  ruby-hmac: 
    version: = 0.3.2
    group: 
    - :default
  right_aws: 
    version: = 1.10.0
    group: 
    - :default
  mime-types: 
    version: = 1.16
    group: 
    - :default
  image_science: 
    version: = 1.2.1
    group: 
    - :default
  crack: 
    version: = 0.1.4
    group: 
    - :default
  active_presenter: 
    version: = 1.2.0
    group: 
    - :default
  tmm1-amqp: 
    version: = 0.6.4
    group: 
    - :default
  thinking-sphinx: 
    version: = 1.3.11
    group: 
    - :default
  rmagick: 
    version: = 2.12.2
    group: 
    - :default
  rspec-rails: 
    version: = 1.3.2
    group: 
    - :test
  mysqlplus: 
    version: = 0.1.1
    group: 
    - :default
  eventmachine: 
    version: = 0.12.10
    group: 
    - :default
  webrat: 
    version: = 0.6.0
    group: 
    - :test
  ruby-growl: 
    version: ">= 0"
    group: 
    - :development
  hirb: 
    version: ">= 0"
    group: 
    - :development
  deadweight: 
    version: ">= 0"
    group: 
    - :development
  capistrano-ext: 
    version: = 1.2.1
    group: 
    - :default
  pauldix-feedzirra: 
    version: = 0.0.18
    group: 
    - :default
  packr: 
    version: = 3.1.0
    group: 
    - :default
  mdalessio-dryopteris: 
    version: = 0.1.2
    group: 
    - :default
  markevans-block_helpers: 
    version: = 0.2.11
    group: 
    - :default
  lockfile: 
    version: = 1.4.3
    group: 
    - :default
  jnunemaker-columbus: 
    version: = 0.1.2
    group: 
    - :default
  RubyInline: 
    version: = 3.8.3
    group: 
    - :default
  hoe: 
    version: = 2.4.0
    group: 
    - :default
  contacts: 
    version: = 1.0.18
    group: 
    - :default
  after_commit: 
    version: = 1.0.5
    group: 
    - :default
  capistrano: 
    version: = 2.5.10
    group: 
    - :default
  shared-mime-info: 
    version: = 0.1
    group: 
    - :default
  rvideo: 
    version: = 0.9.3
    group: 
    - :default
  hpricot: 
    version: = 0.8.2
    group: 
    - :default
  aws-s3: 
    version: = 0.6.2
    group: 
    - :default
  bundler: 
    version: = 0.9.5
    group: 
    - :default
  gdata: 
    version: = 1.1.1
    group: 
    - :default
  cucumber: 
    version: = 0.4.3
    group: 
    - :test
